<?xml version="1.0" encoding="UTF-8" standalone="yes" ?>
<CodeBlocks_project_file>
	<FileVersion major="1" minor="6" />
	<Project>
		<Option title="fruitninja" />
		<Option pch_mode="2" />
		<Option compiler="pandora_compiler" />
		<Build>
			<Target title="Debug">
				<Option output="../bin/Debug/fruitninja.apkenv.so" prefix_auto="0" extension_auto="0" />
				<Option object_output="./obj/Debug/" />
				<Option type="3" />
				<Option compiler="pandora_compiler" />
				<Compiler>
					<Add option="-g" />
					<Add option="-rdynamic" />
					<Add option="-DAPKENV_DEBUG" />
				</Compiler>
			</Target>
			<Target title="Release">
				<Option output="../bin/Release/fruitninja.apkenv.so" prefix_auto="0" extension_auto="0" />
				<Option object_output="./obj/Release/" />
				<Option type="3" />
				<Option compiler="pandora_compiler" />
				<Compiler>
					<Add option="-O2" />
				</Compiler>
				<Linker>
					<Add option="-s" />
				</Linker>
			</Target>
		</Build>
		<Compiler>
			<Add option="-Wall" />
			<Add option="-DPANDORA" />
		</Compiler>
		<Unit filename="fruitninja.c">
			<Option compilerVar="CC" />
		</Unit>
		<Extensions>
			<code_completion />
			<debugger />
		</Extensions>
	</Project>
</CodeBlocks_project_file>
