<?xml version="1.0" encoding="UTF-8" standalone="yes" ?>
<CodeBlocks_project_file>
	<FileVersion major="1" minor="6" />
	<Project>
		<Option title="unity" />
		<Option pch_mode="2" />
		<Option compiler="pandora_compiler" />
		<Build>
			<Target title="Debug">
				<Option output="../bin/Debug/unity.apkenv.so" prefix_auto="1" extension_auto="0" />
				<Option object_output="../obj/Debug/" />
				<Option type="3" />
				<Option compiler="pandora_compiler" />
				<Option createDefFile="1" />
				<Option createStaticLib="1" />
				<Compiler>
					<Add option="-g" />
					<Add option="-DAPKENV_DEBUG" />
				</Compiler>
			</Target>
			<Target title="Release">
				<Option output="../bin/Release/unity.apkenv.so" prefix_auto="1" extension_auto="0" />
				<Option object_output="../obj/Release/" />
				<Option type="3" />
				<Option compiler="pandora_compiler" />
				<Option createDefFile="1" />
				<Option createStaticLib="1" />
				<Compiler>
					<Add option="-O2" />
				</Compiler>
				<Linker>
					<Add option="-s" />
				</Linker>
			</Target>
			<Target title="Debug GLES2">
				<Option output="../bin/Debug/unity.apkenv.so" prefix_auto="1" extension_auto="0" />
				<Option object_output="../obj/Debug/" />
				<Option type="3" />
				<Option compiler="pandora_compiler" />
				<Option createDefFile="1" />
				<Option createStaticLib="1" />
				<Compiler>
					<Add option="-g" />
					<Add option="-DAPKENV_DEBUG" />
				</Compiler>
			</Target>
		</Build>
		<Compiler>
			<Add option="-Wall" />
			<Add option="-DPANDORA" />
		</Compiler>
		<Unit filename="unity.c">
			<Option compilerVar="CC" />
		</Unit>
		<Extensions>
			<code_completion />
			<debugger>
				<remote_debugging>
					<options conn_type="0" serial_baud="115200" ip_address="pandora" ip_port="2222" additional_cmds="set stop-on-solib-event on" />
				</remote_debugging>
			</debugger>
		</Extensions>
	</Project>
</CodeBlocks_project_file>
